{
  "name": "factorysystem-1",
  "version": "1.0.0",
  "lockfileVersion": 3,
  "requires": true,
  "packages": {
    "": {
      "name": "factorysystem-1",
      "version": "1.0.0",
      "license": "MIT",
      "workspaces": [
        "apps/*",
        "packages/*"
      ]
    },
    "apps/api": {
      "name": "@factory/api",
      "version": "0.0.0",
      "license": "MIT"
    },
    "apps/web": {
      "name": "@factory/web",
      "version": "0.0.0",
      "license": "MIT"
    },
    "node_modules/@factory/api": {
      "resolved": "apps/api",
      "link": true
    },
    "node_modules/@factory/db": {
      "resolved": "packages/db",
      "link": true
    },
    "node_modules/@factory/web": {
      "resolved": "apps/web",
      "link": true
    },
    "packages/db": {
      "name": "@factory/db",
      "version": "0.0.0",
      "license": "MIT"
    }
  }
}
